
Microsoft Visual Studio Solution File, Format Version 12.00
# Visual Studio Version 17
VisualStudioVersion = 17.8.34525.116
MinimumVisualStudioVersion = 10.0.40219.1
Project("{FAE04EC0-301F-11D3-BF4B-00C04F79EFBC}") = "WebApplication2", "WebApplication2\WebApplication2.csproj", "{C0E06244-ADF7-4BAE-86A2-AC147A670D95}"
EndProject
Project("{2150E333-8FDC-42A3-9474-1A3956D46DE8}") = "Models", "Models", "{24273700-1E66-4767-8F72-3DFBDFF5036D}"
	ProjectSection(SolutionItems) = preProject
		AppDbContext.cs = AppDbContext.cs
		Region.cs = Region.cs
		WebApplication2\Startup.cs = WebApplication2\Startup.cs
	EndProjectSection
EndProject
Global
	GlobalSection(SolutionConfigurationPlatforms) = preSolution
		Debug|Any CPU = Debug|Any CPU
		Release|Any CPU = Release|Any CPU
	EndGlobalSection
	GlobalSection(ProjectConfigurationPlatforms) = postSolution
		{C0E06244-ADF7-4BAE-86A2-AC147A670D95}.Debug|Any CPU.ActiveCfg = Debug|Any CPU
		{C0E06244-ADF7-4BAE-86A2-AC147A670D95}.Debug|Any CPU.Build.0 = Debug|Any CPU
		{C0E06244-ADF7-4BAE-86A2-AC147A670D95}.Release|Any CPU.ActiveCfg = Release|Any CPU
		{C0E06244-ADF7-4BAE-86A2-AC147A670D95}.Release|Any CPU.Build.0 = Release|Any CPU
	EndGlobalSection
	GlobalSection(SolutionProperties) = preSolution
		HideSolutionNode = FALSE
	EndGlobalSection
	GlobalSection(ExtensibilityGlobals) = postSolution
		SolutionGuid = {5C900999-FE21-4110-8FDD-6364507E3431}
	EndGlobalSection
EndGlobal
